
Microsoft Visual Studio Solution File, Format Version 12.00
# Visual Studio 15
VisualStudioVersion = 15.0.28307.168
MinimumVisualStudioVersion = 10.0.40219.1
Project("{FAE04EC0-301F-11D3-BF4B-00C04F79EFBC}") = "Fifth", "Fifth\Fifth.csproj", "{C7F66F93-6FE5-47A6-8D1C-2B3802D4113E}"
EndProject
Global
	GlobalSection(SolutionConfigurationPlatforms) = preSolution
		Debug|Any CPU = Debug|Any CPU
		Release|Any CPU = Release|Any CPU
	EndGlobalSection
	GlobalSection(ProjectConfigurationPlatforms) = postSolution
		{C7F66F93-6FE5-47A6-8D1C-2B3802D4113E}.Debug|Any CPU.ActiveCfg = Debug|Any CPU
		{C7F66F93-6FE5-47A6-8D1C-2B3802D4113E}.Debug|Any CPU.Build.0 = Debug|Any CPU
		{C7F66F93-6FE5-47A6-8D1C-2B3802D4113E}.Release|Any CPU.ActiveCfg = Release|Any CPU
		{C7F66F93-6FE5-47A6-8D1C-2B3802D4113E}.Release|Any CPU.Build.0 = Release|Any CPU
	EndGlobalSection
	GlobalSection(SolutionProperties) = preSolution
		HideSolutionNode = FALSE
	EndGlobalSection
	GlobalSection(ExtensibilityGlobals) = postSolution
		SolutionGuid = {DA69FF11-059A-4D10-AE28-FD50492A40BC}
	EndGlobalSection
EndGlobal
